
Microsoft Visual Studio Solution File, Format Version 12.00
# Visual Studio 14
VisualStudioVersion = 14.0.23107.0
MinimumVisualStudioVersion = 10.0.40219.1
Project("{8BC9CEB8-8B4A-11D0-8D11-00A0C91BC942}") = "adventures-of-orchi", "adventures-of-orchi\adventures-of-orchi.vcxproj", "{CDEA87A6-D56C-4A8D-8CD9-25E845B7F1AE}"
EndProject
Global
	GlobalSection(SolutionConfigurationPlatforms) = preSolution
		Debug|ARM = Debug|ARM
		Debug|x64 = Debug|x64
		Debug|x86 = Debug|x86
		Release|ARM = Release|ARM
		Release|x64 = Release|x64
		Release|x86 = Release|x86
	EndGlobalSection
	GlobalSection(ProjectConfigurationPlatforms) = postSolution
		{CDEA87A6-D56C-4A8D-8CD9-25E845B7F1AE}.Debug|ARM.ActiveCfg = Debug|ARM
		{CDEA87A6-D56C-4A8D-8CD9-25E845B7F1AE}.Debug|ARM.Build.0 = Debug|ARM
		{CDEA87A6-D56C-4A8D-8CD9-25E845B7F1AE}.Debug|ARM.Deploy.0 = Debug|ARM
		{CDEA87A6-D56C-4A8D-8CD9-25E845B7F1AE}.Debug|x64.ActiveCfg = Debug|x64
		{CDEA87A6-D56C-4A8D-8CD9-25E845B7F1AE}.Debug|x64.Build.0 = Debug|x64
		{CDEA87A6-D56C-4A8D-8CD9-25E845B7F1AE}.Debug|x64.Deploy.0 = Debug|x64
		{CDEA87A6-D56C-4A8D-8CD9-25E845B7F1AE}.Debug|x86.ActiveCfg = Debug|Win32
		{CDEA87A6-D56C-4A8D-8CD9-25E845B7F1AE}.Debug|x86.Build.0 = Debug|Win32
		{CDEA87A6-D56C-4A8D-8CD9-25E845B7F1AE}.Debug|x86.Deploy.0 = Debug|Win32
		{CDEA87A6-D56C-4A8D-8CD9-25E845B7F1AE}.Release|ARM.ActiveCfg = Release|ARM
		{CDEA87A6-D56C-4A8D-8CD9-25E845B7F1AE}.Release|ARM.Build.0 = Release|ARM
		{CDEA87A6-D56C-4A8D-8CD9-25E845B7F1AE}.Release|ARM.Deploy.0 = Release|ARM
		{CDEA87A6-D56C-4A8D-8CD9-25E845B7F1AE}.Release|x64.ActiveCfg = Release|x64
		{CDEA87A6-D56C-4A8D-8CD9-25E845B7F1AE}.Release|x64.Build.0 = Release|x64
		{CDEA87A6-D56C-4A8D-8CD9-25E845B7F1AE}.Release|x64.Deploy.0 = Release|x64
		{CDEA87A6-D56C-4A8D-8CD9-25E845B7F1AE}.Release|x86.ActiveCfg = Release|Win32
		{CDEA87A6-D56C-4A8D-8CD9-25E845B7F1AE}.Release|x86.Build.0 = Release|Win32
		{CDEA87A6-D56C-4A8D-8CD9-25E845B7F1AE}.Release|x86.Deploy.0 = Release|Win32
	EndGlobalSection
	GlobalSection(SolutionProperties) = preSolution
		HideSolutionNode = FALSE
	EndGlobalSection
EndGlobal
